github.com/go-webgpu/goffi v0.6.2 h1:xuMaUbqsNQ/xiyy5UwAKZb5vQZUDg9QRCrJIpHJaXSE=
github.com/go-webgpu/goffi v0.6.2/go.mod h1:wfoxNsJkU+5RFbV1kNN1kunhc1lFHuJKK3zpgx08/uM=
github.com/unxed/pureffi v0.1.16 h1:UXwNNCzBCMMoV6TsyQXTeSxEcQ3ZzMSYzE3WppblFLg=
github.com/unxed/pureffi v0.1.16/go.mod h1:Sg4B3+YXV0NlFXErgzveE+ct0IwXoNKDseJV5Bl09+0=
golang.org/x/sys v0.31.0 h1:ioabZlmFYtWhL+TRYpcnNlLwhyxaM9kWTDEmfnprqik=
golang.org/x/sys v0.31.0/go.mod h1:BJP2sWEmIv4KK5OTEluFJCKSidICx8ciO85XgH3Ak8k=
